
Microsoft Visual Studio Solution File, Format Version 12.00
# Visual Studio Version 16
VisualStudioVersion = 16.0.31205.134
MinimumVisualStudioVersion = 10.0.40219.1
Project("{8BC9CEB8-8B4A-11D0-8D11-00A0C91BC942}") = "test_8_13_test", "test_8_13_test.vcxproj", "{47564F29-4595-46E2-A8AC-1D532E4EDF3A}"
EndProject
Global
	GlobalSection(SolutionConfigurationPlatforms) = preSolution
		Debug|x64 = Debug|x64
		Debug|x86 = Debug|x86
		Release|x64 = Release|x64
		Release|x86 = Release|x86
	EndGlobalSection
	GlobalSection(ProjectConfigurationPlatforms) = postSolution
		{47564F29-4595-46E2-A8AC-1D532E4EDF3A}.Debug|x64.ActiveCfg = Debug|x64
		{47564F29-4595-46E2-A8AC-1D532E4EDF3A}.Debug|x64.Build.0 = Debug|x64
		{47564F29-4595-46E2-A8AC-1D532E4EDF3A}.Debug|x86.ActiveCfg = Debug|Win32
		{47564F29-4595-46E2-A8AC-1D532E4EDF3A}.Debug|x86.Build.0 = Debug|Win32
		{47564F29-4595-46E2-A8AC-1D532E4EDF3A}.Release|x64.ActiveCfg = Release|x64
		{47564F29-4595-46E2-A8AC-1D532E4EDF3A}.Release|x64.Build.0 = Release|x64
		{47564F29-4595-46E2-A8AC-1D532E4EDF3A}.Release|x86.ActiveCfg = Release|Win32
		{47564F29-4595-46E2-A8AC-1D532E4EDF3A}.Release|x86.Build.0 = Release|Win32
	EndGlobalSection
	GlobalSection(SolutionProperties) = preSolution
		HideSolutionNode = FALSE
	EndGlobalSection
	GlobalSection(ExtensibilityGlobals) = postSolution
		SolutionGuid = {0974C3E9-4585-4BD9-BE8E-D9F110C9E386}
	EndGlobalSection
EndGlobal
