
Microsoft Visual Studio Solution File, Format Version 12.00
# Visual Studio Version 16
VisualStudioVersion = 16.0.31205.134
MinimumVisualStudioVersion = 10.0.40219.1
Project("{8BC9CEB8-8B4A-11D0-8D11-00A0C91BC942}") = "test_7_31_pointer", "test_7_31_pointer.vcxproj", "{9C88A54C-0444-49C3-8D3D-AD6CAD0470F7}"
EndProject
Global
	GlobalSection(SolutionConfigurationPlatforms) = preSolution
		Debug|x64 = Debug|x64
		Debug|x86 = Debug|x86
		Release|x64 = Release|x64
		Release|x86 = Release|x86
	EndGlobalSection
	GlobalSection(ProjectConfigurationPlatforms) = postSolution
		{9C88A54C-0444-49C3-8D3D-AD6CAD0470F7}.Debug|x64.ActiveCfg = Debug|x64
		{9C88A54C-0444-49C3-8D3D-AD6CAD0470F7}.Debug|x64.Build.0 = Debug|x64
		{9C88A54C-0444-49C3-8D3D-AD6CAD0470F7}.Debug|x86.ActiveCfg = Debug|Win32
		{9C88A54C-0444-49C3-8D3D-AD6CAD0470F7}.Debug|x86.Build.0 = Debug|Win32
		{9C88A54C-0444-49C3-8D3D-AD6CAD0470F7}.Release|x64.ActiveCfg = Release|x64
		{9C88A54C-0444-49C3-8D3D-AD6CAD0470F7}.Release|x64.Build.0 = Release|x64
		{9C88A54C-0444-49C3-8D3D-AD6CAD0470F7}.Release|x86.ActiveCfg = Release|Win32
		{9C88A54C-0444-49C3-8D3D-AD6CAD0470F7}.Release|x86.Build.0 = Release|Win32
	EndGlobalSection
	GlobalSection(SolutionProperties) = preSolution
		HideSolutionNode = FALSE
	EndGlobalSection
	GlobalSection(ExtensibilityGlobals) = postSolution
		SolutionGuid = {9F7D0050-783E-4BFA-B3A5-7B5491138A9A}
	EndGlobalSection
EndGlobal
